{
  "name": "thatbots",
  "lockfileVersion": 3,
  "requires": true,
  "packages": {
    "": {
      "name": "thatbots",
      "version": "1.0.0",
      "dependencies": {
        "@adiwajshing/baileys": "^6.6.1",
        "pino": "^8.0.0"
      }
    }
  },
  "dependencies": {
    "@adiwajshing/baileys": {
      "version": "6.6.1",
      "resolved": "https://registry.npmjs.org/@adiwajshing/baileys/-/baileys-6.6.1.tgz",
      "integrity": "sha512-samplehash",
      "requires": {}
    },
    "pino": {
      "version": "8.0.0",
      "resolved": "https://registry.npmjs.org/pino/-/pino-8.0.0.tgz",
      "integrity": "sha512-samplehash",
      "requires": {}
    }
  }
}
